
Microsoft Visual Studio Solution File, Format Version 12.00
# Visual Studio Version 16
VisualStudioVersion = 16.0.30804.86
MinimumVisualStudioVersion = 10.0.40219.1
Project("{FAE04EC0-301F-11D3-BF4B-00C04F79EFBC}") = "server", "server\server.csproj", "{5A5FAB01-805C-48C6-A8F7-616DB7D0FD3B}"
EndProject
Project("{FAE04EC0-301F-11D3-BF4B-00C04F79EFBC}") = "MarineLang", "marine-lang\MarineLang\MarineLang.csproj", "{BB72DE15-01D8-4356-8DBA-70193F75D980}"
EndProject
Project("{FAE04EC0-301F-11D3-BF4B-00C04F79EFBC}") = "MineUtil", "marine-lang\MineUtil\MineUtil\MineUtil.csproj", "{6E7B6F13-F1E0-4E0C-8C38-42D68439EB29}"
EndProject
Project("{FAE04EC0-301F-11D3-BF4B-00C04F79EFBC}") = "MarineLangUnitTest", "marine-lang\MarineLangUnitTest\MarineLangUnitTest.csproj", "{5C3A5C27-0EB5-401F-9806-6EF1D9DDB269}"
EndProject
Project("{FAE04EC0-301F-11D3-BF4B-00C04F79EFBC}") = "MarineLang.CodeDom", "marine-lang\MarineLang.CodeDom\MarineLang.CodeDom.csproj", "{A494E544-DEAA-4D39-A07A-F564F1D48969}"
EndProject
Project("{FAE04EC0-301F-11D3-BF4B-00C04F79EFBC}") = "MarineLang.CodeAnalysis", "marine-lang\MarineLang.CodeAnalysis\MarineLang.CodeAnalysis.csproj", "{EA1AA9C3-AB0E-4798-AE30-A98D5D89EEFB}"
EndProject
Global
	GlobalSection(SolutionConfigurationPlatforms) = preSolution
		Debug|Any CPU = Debug|Any CPU
		Release|Any CPU = Release|Any CPU
	EndGlobalSection
	GlobalSection(ProjectConfigurationPlatforms) = postSolution
		{5A5FAB01-805C-48C6-A8F7-616DB7D0FD3B}.Debug|Any CPU.ActiveCfg = Debug|Any CPU
		{5A5FAB01-805C-48C6-A8F7-616DB7D0FD3B}.Debug|Any CPU.Build.0 = Debug|Any CPU
		{5A5FAB01-805C-48C6-A8F7-616DB7D0FD3B}.Release|Any CPU.ActiveCfg = Release|Any CPU
		{5A5FAB01-805C-48C6-A8F7-616DB7D0FD3B}.Release|Any CPU.Build.0 = Release|Any CPU
		{BB72DE15-01D8-4356-8DBA-70193F75D980}.Debug|Any CPU.ActiveCfg = Debug|Any CPU
		{BB72DE15-01D8-4356-8DBA-70193F75D980}.Debug|Any CPU.Build.0 = Debug|Any CPU
		{BB72DE15-01D8-4356-8DBA-70193F75D980}.Release|Any CPU.ActiveCfg = Release|Any CPU
		{BB72DE15-01D8-4356-8DBA-70193F75D980}.Release|Any CPU.Build.0 = Release|Any CPU
		{6E7B6F13-F1E0-4E0C-8C38-42D68439EB29}.Debug|Any CPU.ActiveCfg = Debug|Any CPU
		{6E7B6F13-F1E0-4E0C-8C38-42D68439EB29}.Debug|Any CPU.Build.0 = Debug|Any CPU
		{6E7B6F13-F1E0-4E0C-8C38-42D68439EB29}.Release|Any CPU.ActiveCfg = Release|Any CPU
		{6E7B6F13-F1E0-4E0C-8C38-42D68439EB29}.Release|Any CPU.Build.0 = Release|Any CPU
		{5C3A5C27-0EB5-401F-9806-6EF1D9DDB269}.Debug|Any CPU.ActiveCfg = Debug|Any CPU
		{5C3A5C27-0EB5-401F-9806-6EF1D9DDB269}.Debug|Any CPU.Build.0 = Debug|Any CPU
		{5C3A5C27-0EB5-401F-9806-6EF1D9DDB269}.Release|Any CPU.ActiveCfg = Release|Any CPU
		{5C3A5C27-0EB5-401F-9806-6EF1D9DDB269}.Release|Any CPU.Build.0 = Release|Any CPU
		{A494E544-DEAA-4D39-A07A-F564F1D48969}.Debug|Any CPU.ActiveCfg = Debug|Any CPU
		{A494E544-DEAA-4D39-A07A-F564F1D48969}.Debug|Any CPU.Build.0 = Debug|Any CPU
		{A494E544-DEAA-4D39-A07A-F564F1D48969}.Release|Any CPU.ActiveCfg = Release|Any CPU
		{A494E544-DEAA-4D39-A07A-F564F1D48969}.Release|Any CPU.Build.0 = Release|Any CPU
		{EA1AA9C3-AB0E-4798-AE30-A98D5D89EEFB}.Debug|Any CPU.ActiveCfg = Debug|Any CPU
		{EA1AA9C3-AB0E-4798-AE30-A98D5D89EEFB}.Debug|Any CPU.Build.0 = Debug|Any CPU
		{EA1AA9C3-AB0E-4798-AE30-A98D5D89EEFB}.Release|Any CPU.ActiveCfg = Release|Any CPU
		{EA1AA9C3-AB0E-4798-AE30-A98D5D89EEFB}.Release|Any CPU.Build.0 = Release|Any CPU
	EndGlobalSection
	GlobalSection(SolutionProperties) = preSolution
		HideSolutionNode = FALSE
	EndGlobalSection
	GlobalSection(ExtensibilityGlobals) = postSolution
		SolutionGuid = {8998B87A-C0C7-4455-8451-A971E1673EB3}
	EndGlobalSection
EndGlobal
